
Microsoft Visual Studio Solution File, Format Version 12.00
# Visual Studio Version 16
VisualStudioVersion = 16.0.29424.173
MinimumVisualStudioVersion = 10.0.40219.1
Project("{2150E333-8FDC-42A3-9474-1A3956D46DE8}") = "TipCalculator", "TipCalculator", "{3E92640A-45D7-45A6-A959-3ED0856AF395}"
EndProject
Project("{FAE04EC0-301F-11D3-BF4B-00C04F79EFBC}") = "TipCalculator.Core", "TipCalculator.Core\TipCalculator.Core.csproj", "{DCEE4BB3-5E35-45AE-9C4C-6A115AF87D87}"
EndProject
Project("{FAE04EC0-301F-11D3-BF4B-00C04F79EFBC}") = "TipCalculator.Android", "TipCalculator.Android\TipCalculator.Android.csproj", "{1D8CEA10-1487-40D1-9270-B63CE13ADBDE}"
EndProject
Global
	GlobalSection(SolutionConfigurationPlatforms) = preSolution
		Debug|Any CPU = Debug|Any CPU
		Release|Any CPU = Release|Any CPU
	EndGlobalSection
	GlobalSection(ProjectConfigurationPlatforms) = postSolution
		{DCEE4BB3-5E35-45AE-9C4C-6A115AF87D87}.Debug|Any CPU.ActiveCfg = Debug|Any CPU
		{DCEE4BB3-5E35-45AE-9C4C-6A115AF87D87}.Debug|Any CPU.Build.0 = Debug|Any CPU
		{DCEE4BB3-5E35-45AE-9C4C-6A115AF87D87}.Release|Any CPU.ActiveCfg = Release|Any CPU
		{DCEE4BB3-5E35-45AE-9C4C-6A115AF87D87}.Release|Any CPU.Build.0 = Release|Any CPU
		{1D8CEA10-1487-40D1-9270-B63CE13ADBDE}.Debug|Any CPU.ActiveCfg = Debug|Any CPU
		{1D8CEA10-1487-40D1-9270-B63CE13ADBDE}.Debug|Any CPU.Build.0 = Debug|Any CPU
		{1D8CEA10-1487-40D1-9270-B63CE13ADBDE}.Debug|Any CPU.Deploy.0 = Debug|Any CPU
		{1D8CEA10-1487-40D1-9270-B63CE13ADBDE}.Release|Any CPU.ActiveCfg = Release|Any CPU
		{1D8CEA10-1487-40D1-9270-B63CE13ADBDE}.Release|Any CPU.Build.0 = Release|Any CPU
		{1D8CEA10-1487-40D1-9270-B63CE13ADBDE}.Release|Any CPU.Deploy.0 = Release|Any CPU
	EndGlobalSection
	GlobalSection(SolutionProperties) = preSolution
		HideSolutionNode = FALSE
	EndGlobalSection
	GlobalSection(NestedProjects) = preSolution
		{DCEE4BB3-5E35-45AE-9C4C-6A115AF87D87} = {3E92640A-45D7-45A6-A959-3ED0856AF395}
		{1D8CEA10-1487-40D1-9270-B63CE13ADBDE} = {3E92640A-45D7-45A6-A959-3ED0856AF395}
	EndGlobalSection
	GlobalSection(ExtensibilityGlobals) = postSolution
		SolutionGuid = {44FAF758-0A4E-41A1-AB07-144578899FC0}
	EndGlobalSection
EndGlobal
